
Microsoft Visual Studio Solution File, Format Version 12.00
# Visual Studio Version 17
VisualStudioVersion = 17.9.34701.34
MinimumVisualStudioVersion = 10.0.40219.1
Project("{FAE04EC0-301F-11D3-BF4B-00C04F79EFBC}") = "CallCSServiceFromDotNet4", "CallCSServiceFromDotNet4\CallCSServiceFromDotNet4.csproj", "{43368843-F850-427F-80F8-165F1ACDA478}"
EndProject
Project("{2150E333-8FDC-42A3-9474-1A3956D46DE8}") = "Projektmappenelemente", "Projektmappenelemente", "{7C0D7A97-2713-45BB-A3A6-2FEF4EB9C6D9}"
EndProject
Project("{FAE04EC0-301F-11D3-BF4B-00C04F79EFBC}") = "CallCSServiceFromDotNet8", "CallCSServiceFromDotNet8\CallCSServiceFromDotNet8.csproj", "{6D8D0ACD-F2FB-487E-8937-A67B62479F82}"
EndProject
Project("{FAE04EC0-301F-11D3-BF4B-00C04F79EFBC}") = "CallCSServiceFromDotNet4Oidc", "CallCSServiceFromDotNet4Oidc\CallCSServiceFromDotNet4Oidc.csproj", "{BF8109DB-3054-4096-AE16-EE76CD624E3C}"
EndProject
Global
	GlobalSection(SolutionConfigurationPlatforms) = preSolution
		Debug|Any CPU = Debug|Any CPU
		Release|Any CPU = Release|Any CPU
	EndGlobalSection
	GlobalSection(ProjectConfigurationPlatforms) = postSolution
		{43368843-F850-427F-80F8-165F1ACDA478}.Debug|Any CPU.ActiveCfg = Debug|Any CPU
		{43368843-F850-427F-80F8-165F1ACDA478}.Debug|Any CPU.Build.0 = Debug|Any CPU
		{43368843-F850-427F-80F8-165F1ACDA478}.Release|Any CPU.ActiveCfg = Release|Any CPU
		{43368843-F850-427F-80F8-165F1ACDA478}.Release|Any CPU.Build.0 = Release|Any CPU
		{6D8D0ACD-F2FB-487E-8937-A67B62479F82}.Debug|Any CPU.ActiveCfg = Debug|Any CPU
		{6D8D0ACD-F2FB-487E-8937-A67B62479F82}.Debug|Any CPU.Build.0 = Debug|Any CPU
		{6D8D0ACD-F2FB-487E-8937-A67B62479F82}.Release|Any CPU.ActiveCfg = Release|Any CPU
		{6D8D0ACD-F2FB-487E-8937-A67B62479F82}.Release|Any CPU.Build.0 = Release|Any CPU
		{BF8109DB-3054-4096-AE16-EE76CD624E3C}.Debug|Any CPU.ActiveCfg = Debug|Any CPU
		{BF8109DB-3054-4096-AE16-EE76CD624E3C}.Debug|Any CPU.Build.0 = Debug|Any CPU
		{BF8109DB-3054-4096-AE16-EE76CD624E3C}.Release|Any CPU.ActiveCfg = Release|Any CPU
		{BF8109DB-3054-4096-AE16-EE76CD624E3C}.Release|Any CPU.Build.0 = Release|Any CPU
	EndGlobalSection
	GlobalSection(SolutionProperties) = preSolution
		HideSolutionNode = FALSE
	EndGlobalSection
	GlobalSection(ExtensibilityGlobals) = postSolution
		SolutionGuid = {4BE6AB15-B529-4650-9C41-F7B42948A294}
	EndGlobalSection
EndGlobal
